
Microsoft Visual Studio Solution File, Format Version 12.00
# Visual Studio 15
VisualStudioVersion = 15.0.28010.2041
MinimumVisualStudioVersion = 10.0.40219.1
Project("{9092AA53-FB77-4645-B42D-1CCCA6BD08BD}") = "ihr-webapp", "ihr-webapp\ihr-webapp.njsproj", "{09EBDF26-D38C-45F2-AE65-AB78DC8AE9BE}"
EndProject
Global
	GlobalSection(SolutionConfigurationPlatforms) = preSolution
		Debug|Any CPU = Debug|Any CPU
		Release|Any CPU = Release|Any CPU
	EndGlobalSection
	GlobalSection(ProjectConfigurationPlatforms) = postSolution
		{09EBDF26-D38C-45F2-AE65-AB78DC8AE9BE}.Debug|Any CPU.ActiveCfg = Debug|Any CPU
		{09EBDF26-D38C-45F2-AE65-AB78DC8AE9BE}.Debug|Any CPU.Build.0 = Debug|Any CPU
		{09EBDF26-D38C-45F2-AE65-AB78DC8AE9BE}.Release|Any CPU.ActiveCfg = Release|Any CPU
		{09EBDF26-D38C-45F2-AE65-AB78DC8AE9BE}.Release|Any CPU.Build.0 = Release|Any CPU
	EndGlobalSection
	GlobalSection(SolutionProperties) = preSolution
		HideSolutionNode = FALSE
	EndGlobalSection
	GlobalSection(ExtensibilityGlobals) = postSolution
		SolutionGuid = {FFECAEAC-848E-47CE-9D1D-48FFAB4BDC2A}
	EndGlobalSection
EndGlobal
